# This file is automatically @generated by Cargo.
# It is not intended for manual editing.
version = 3

[[package]]
name = "r-ex"
version = "1.0.0"
source = "registry+https://github.com/rust-lang/crates.io-index"
checksum = "5fbbb7705be0ff56ec3fd6523b29f744b0cd9ee54299d5e5300de137fa26d9db"

[[package]]
name = "stun-bytes"
version = "0.1.0"
dependencies = [
 "r-ex",
]
